{
  "name": "book_planner",
  "lockfileVersion": 2,
  "requires": true,
  "packages": {
    "": {
      "dependencies": {
        "dotenv": "^16.3.1"
      },
      "devDependencies": {
        "@faker-js/faker": "^8.2.0"
      }
    },
    "node_modules/@faker-js/faker": {
      "version": "8.2.0",
      "resolved": "https://registry.npmjs.org/@faker-js/faker/-/faker-8.2.0.tgz",
      "integrity": "sha512-VacmzZqVxdWdf9y64lDOMZNDMM/FQdtM9IsaOPKOm2suYwEatb8VkdHqOzXcDnZbk7YDE2BmsJmy/2Hmkn563g==",
      "dev": true,
      "funding": [
        {
          "type": "opencollective",
          "url": "https://opencollective.com/fakerjs"
        }
      ],
      "engines": {
        "node": "^14.17.0 || ^16.13.0 || >=18.0.0",
        "npm": ">=6.14.13"
      }
    },
    "node_modules/dotenv": {
      "version": "16.3.1",
      "resolved": "https://registry.npmjs.org/dotenv/-/dotenv-16.3.1.tgz",
      "integrity": "sha512-IPzF4w4/Rd94bA9imS68tZBaYyBWSCE47V1RGuMrB94iyTOIEwRmVL2x/4An+6mETpLrKJ5hQkB8W4kFAadeIQ==",
      "engines": {
        "node": ">=12"
      },
      "funding": {
        "url": "https://github.com/motdotla/dotenv?sponsor=1"
      }
    }
  },
  "dependencies": {
    "@faker-js/faker": {
      "version": "8.2.0",
      "resolved": "https://registry.npmjs.org/@faker-js/faker/-/faker-8.2.0.tgz",
      "integrity": "sha512-VacmzZqVxdWdf9y64lDOMZNDMM/FQdtM9IsaOPKOm2suYwEatb8VkdHqOzXcDnZbk7YDE2BmsJmy/2Hmkn563g==",
      "dev": true
    },
    "dotenv": {
      "version": "16.3.1",
      "resolved": "https://registry.npmjs.org/dotenv/-/dotenv-16.3.1.tgz",
      "integrity": "sha512-IPzF4w4/Rd94bA9imS68tZBaYyBWSCE47V1RGuMrB94iyTOIEwRmVL2x/4An+6mETpLrKJ5hQkB8W4kFAadeIQ=="
    }
  }
}
